
Microsoft Visual Studio Solution File, Format Version 12.00
# Visual Studio 15
VisualStudioVersion = 15.0.27004.2005
MinimumVisualStudioVersion = 10.0.40219.1
Project("{FAE04EC0-301F-11D3-BF4B-00C04F79EFBC}") = "lidar-orto-photo", "lidar-orto-photo\lidar-orto-photo.csproj", "{078D977D-6E85-4802-8669-855907BB5E96}"
EndProject
Project("{FAE04EC0-301F-11D3-BF4B-00C04F79EFBC}") = "Lidar UI", "Lidar UI\Lidar UI.csproj", "{03FBCC5D-072D-4A4D-9A08-71E326778F48}"
EndProject
Project("{FAE04EC0-301F-11D3-BF4B-00C04F79EFBC}") = "LAZReader", "LAZReader\LAZReader.csproj", "{B84A7384-5901-4100-B25B-9868482E708D}"
EndProject
Project("{8BC9CEB8-8B4A-11D0-8D11-00A0C91BC942}") = "NormalCalculator", "NormalCalculator\NormalCalculator.vcxproj", "{CF30190A-45E4-4030-BDC2-515CA60315C9}"
EndProject
Project("{FAE04EC0-301F-11D3-BF4B-00C04F79EFBC}") = "DownloadWorker", "DownloadWorker\DownloadWorker.csproj", "{7CA56383-74CD-4F71-9C75-10E11714F936}"
EndProject
Project("{FAE04EC0-301F-11D3-BF4B-00C04F79EFBC}") = "WaterWorker", "WaterWorker\WaterWorker.csproj", "{8662E629-DD15-49AF-9974-307A5067C521}"
EndProject
Global
	GlobalSection(SolutionConfigurationPlatforms) = preSolution
		Debug|Any CPU = Debug|Any CPU
		Debug|x64 = Debug|x64
		Debug|x86 = Debug|x86
		Release|Any CPU = Release|Any CPU
		Release|x64 = Release|x64
		Release|x86 = Release|x86
	EndGlobalSection
	GlobalSection(ProjectConfigurationPlatforms) = postSolution
		{078D977D-6E85-4802-8669-855907BB5E96}.Debug|Any CPU.ActiveCfg = Debug|Any CPU
		{078D977D-6E85-4802-8669-855907BB5E96}.Debug|Any CPU.Build.0 = Debug|Any CPU
		{078D977D-6E85-4802-8669-855907BB5E96}.Debug|x64.ActiveCfg = Debug|Any CPU
		{078D977D-6E85-4802-8669-855907BB5E96}.Debug|x64.Build.0 = Debug|Any CPU
		{078D977D-6E85-4802-8669-855907BB5E96}.Debug|x86.ActiveCfg = Debug|Any CPU
		{078D977D-6E85-4802-8669-855907BB5E96}.Debug|x86.Build.0 = Debug|Any CPU
		{078D977D-6E85-4802-8669-855907BB5E96}.Release|Any CPU.ActiveCfg = Release|Any CPU
		{078D977D-6E85-4802-8669-855907BB5E96}.Release|Any CPU.Build.0 = Release|Any CPU
		{078D977D-6E85-4802-8669-855907BB5E96}.Release|x64.ActiveCfg = Release|Any CPU
		{078D977D-6E85-4802-8669-855907BB5E96}.Release|x64.Build.0 = Release|Any CPU
		{078D977D-6E85-4802-8669-855907BB5E96}.Release|x86.ActiveCfg = Release|Any CPU
		{078D977D-6E85-4802-8669-855907BB5E96}.Release|x86.Build.0 = Release|Any CPU
		{03FBCC5D-072D-4A4D-9A08-71E326778F48}.Debug|Any CPU.ActiveCfg = Debug|Any CPU
		{03FBCC5D-072D-4A4D-9A08-71E326778F48}.Debug|Any CPU.Build.0 = Debug|Any CPU
		{03FBCC5D-072D-4A4D-9A08-71E326778F48}.Debug|x64.ActiveCfg = Debug|Any CPU
		{03FBCC5D-072D-4A4D-9A08-71E326778F48}.Debug|x64.Build.0 = Debug|Any CPU
		{03FBCC5D-072D-4A4D-9A08-71E326778F48}.Debug|x86.ActiveCfg = Debug|Any CPU
		{03FBCC5D-072D-4A4D-9A08-71E326778F48}.Debug|x86.Build.0 = Debug|Any CPU
		{03FBCC5D-072D-4A4D-9A08-71E326778F48}.Release|Any CPU.ActiveCfg = Release|Any CPU
		{03FBCC5D-072D-4A4D-9A08-71E326778F48}.Release|Any CPU.Build.0 = Release|Any CPU
		{03FBCC5D-072D-4A4D-9A08-71E326778F48}.Release|x64.ActiveCfg = Release|Any CPU
		{03FBCC5D-072D-4A4D-9A08-71E326778F48}.Release|x64.Build.0 = Release|Any CPU
		{03FBCC5D-072D-4A4D-9A08-71E326778F48}.Release|x86.ActiveCfg = Release|Any CPU
		{03FBCC5D-072D-4A4D-9A08-71E326778F48}.Release|x86.Build.0 = Release|Any CPU
		{B84A7384-5901-4100-B25B-9868482E708D}.Debug|Any CPU.ActiveCfg = Debug|Any CPU
		{B84A7384-5901-4100-B25B-9868482E708D}.Debug|Any CPU.Build.0 = Debug|Any CPU
		{B84A7384-5901-4100-B25B-9868482E708D}.Debug|x64.ActiveCfg = Debug|Any CPU
		{B84A7384-5901-4100-B25B-9868482E708D}.Debug|x64.Build.0 = Debug|Any CPU
		{B84A7384-5901-4100-B25B-9868482E708D}.Debug|x86.ActiveCfg = Debug|Any CPU
		{B84A7384-5901-4100-B25B-9868482E708D}.Debug|x86.Build.0 = Debug|Any CPU
		{B84A7384-5901-4100-B25B-9868482E708D}.Release|Any CPU.ActiveCfg = Release|Any CPU
		{B84A7384-5901-4100-B25B-9868482E708D}.Release|Any CPU.Build.0 = Release|Any CPU
		{B84A7384-5901-4100-B25B-9868482E708D}.Release|x64.ActiveCfg = Release|Any CPU
		{B84A7384-5901-4100-B25B-9868482E708D}.Release|x64.Build.0 = Release|Any CPU
		{B84A7384-5901-4100-B25B-9868482E708D}.Release|x86.ActiveCfg = Release|Any CPU
		{B84A7384-5901-4100-B25B-9868482E708D}.Release|x86.Build.0 = Release|Any CPU
		{CF30190A-45E4-4030-BDC2-515CA60315C9}.Debug|Any CPU.ActiveCfg = Debug|Win32
		{CF30190A-45E4-4030-BDC2-515CA60315C9}.Debug|x64.ActiveCfg = Debug|x64
		{CF30190A-45E4-4030-BDC2-515CA60315C9}.Debug|x64.Build.0 = Debug|x64
		{CF30190A-45E4-4030-BDC2-515CA60315C9}.Debug|x86.ActiveCfg = Debug|Win32
		{CF30190A-45E4-4030-BDC2-515CA60315C9}.Debug|x86.Build.0 = Debug|Win32
		{CF30190A-45E4-4030-BDC2-515CA60315C9}.Release|Any CPU.ActiveCfg = Release|Win32
		{CF30190A-45E4-4030-BDC2-515CA60315C9}.Release|x64.ActiveCfg = Release|x64
		{CF30190A-45E4-4030-BDC2-515CA60315C9}.Release|x64.Build.0 = Release|x64
		{CF30190A-45E4-4030-BDC2-515CA60315C9}.Release|x86.ActiveCfg = Release|Win32
		{CF30190A-45E4-4030-BDC2-515CA60315C9}.Release|x86.Build.0 = Release|Win32
		{7CA56383-74CD-4F71-9C75-10E11714F936}.Debug|Any CPU.ActiveCfg = Debug|Any CPU
		{7CA56383-74CD-4F71-9C75-10E11714F936}.Debug|Any CPU.Build.0 = Debug|Any CPU
		{7CA56383-74CD-4F71-9C75-10E11714F936}.Debug|x64.ActiveCfg = Debug|Any CPU
		{7CA56383-74CD-4F71-9C75-10E11714F936}.Debug|x64.Build.0 = Debug|Any CPU
		{7CA56383-74CD-4F71-9C75-10E11714F936}.Debug|x86.ActiveCfg = Debug|Any CPU
		{7CA56383-74CD-4F71-9C75-10E11714F936}.Debug|x86.Build.0 = Debug|Any CPU
		{7CA56383-74CD-4F71-9C75-10E11714F936}.Release|Any CPU.ActiveCfg = Release|Any CPU
		{7CA56383-74CD-4F71-9C75-10E11714F936}.Release|Any CPU.Build.0 = Release|Any CPU
		{7CA56383-74CD-4F71-9C75-10E11714F936}.Release|x64.ActiveCfg = Release|Any CPU
		{7CA56383-74CD-4F71-9C75-10E11714F936}.Release|x64.Build.0 = Release|Any CPU
		{7CA56383-74CD-4F71-9C75-10E11714F936}.Release|x86.ActiveCfg = Release|Any CPU
		{7CA56383-74CD-4F71-9C75-10E11714F936}.Release|x86.Build.0 = Release|Any CPU
		{8662E629-DD15-49AF-9974-307A5067C521}.Debug|Any CPU.ActiveCfg = Debug|Any CPU
		{8662E629-DD15-49AF-9974-307A5067C521}.Debug|Any CPU.Build.0 = Debug|Any CPU
		{8662E629-DD15-49AF-9974-307A5067C521}.Debug|x64.ActiveCfg = Debug|Any CPU
		{8662E629-DD15-49AF-9974-307A5067C521}.Debug|x64.Build.0 = Debug|Any CPU
		{8662E629-DD15-49AF-9974-307A5067C521}.Debug|x86.ActiveCfg = Debug|Any CPU
		{8662E629-DD15-49AF-9974-307A5067C521}.Debug|x86.Build.0 = Debug|Any CPU
		{8662E629-DD15-49AF-9974-307A5067C521}.Release|Any CPU.ActiveCfg = Release|Any CPU
		{8662E629-DD15-49AF-9974-307A5067C521}.Release|Any CPU.Build.0 = Release|Any CPU
		{8662E629-DD15-49AF-9974-307A5067C521}.Release|x64.ActiveCfg = Release|Any CPU
		{8662E629-DD15-49AF-9974-307A5067C521}.Release|x64.Build.0 = Release|Any CPU
		{8662E629-DD15-49AF-9974-307A5067C521}.Release|x86.ActiveCfg = Release|Any CPU
		{8662E629-DD15-49AF-9974-307A5067C521}.Release|x86.Build.0 = Release|Any CPU
	EndGlobalSection
	GlobalSection(SolutionProperties) = preSolution
		HideSolutionNode = FALSE
	EndGlobalSection
	GlobalSection(ExtensibilityGlobals) = postSolution
		SolutionGuid = {6AFDF548-7406-4784-B6E6-F3EB0E6666C3}
	EndGlobalSection
EndGlobal
